
Microsoft Visual Studio Solution File, Format Version 12.00
# Visual Studio Version 17
VisualStudioVersion = 17.8.34511.84
MinimumVisualStudioVersion = 10.0.40219.1
Project("{FAE04EC0-301F-11D3-BF4B-00C04F79EFBC}") = "MonthlyClaimSystem", "MonthlyClaimSystem\MonthlyClaimSystem.csproj", "{998AD5DB-965D-4322-B927-056AED8AD995}"
EndProject
Global
	GlobalSection(SolutionConfigurationPlatforms) = preSolution
		Debug|Any CPU = Debug|Any CPU
		Release|Any CPU = Release|Any CPU
	EndGlobalSection
	GlobalSection(ProjectConfigurationPlatforms) = postSolution
		{998AD5DB-965D-4322-B927-056AED8AD995}.Debug|Any CPU.ActiveCfg = Debug|Any CPU
		{998AD5DB-965D-4322-B927-056AED8AD995}.Debug|Any CPU.Build.0 = Debug|Any CPU
		{998AD5DB-965D-4322-B927-056AED8AD995}.Release|Any CPU.ActiveCfg = Release|Any CPU
		{998AD5DB-965D-4322-B927-056AED8AD995}.Release|Any CPU.Build.0 = Release|Any CPU
	EndGlobalSection
	GlobalSection(SolutionProperties) = preSolution
		HideSolutionNode = FALSE
	EndGlobalSection
	GlobalSection(ExtensibilityGlobals) = postSolution
		SolutionGuid = {080A5D66-B467-407A-9462-E738747F74E9}
	EndGlobalSection
EndGlobal
